
Microsoft Visual Studio Solution File, Format Version 12.00
# Visual Studio 15
VisualStudioVersion = 15.0.28307.1062
MinimumVisualStudioVersion = 10.0.40219.1
Project("{FAE04EC0-301F-11D3-BF4B-00C04F79EFBC}") = "aeclip", "aeclip\aeclip.csproj", "{7DC50DB8-0AD4-4DD2-8190-607CA6C98FC1}"
EndProject
Project("{2150E333-8FDC-42A3-9474-1A3956D46DE8}") = "ScriptCode", "ScriptCode", "{C6D378C4-DBA8-4CC8-BDFA-12B4BEF5645D}"
	ProjectSection(SolutionItems) = preProject
		ScriptCode\.gitkeep = ScriptCode\.gitkeep
		ScriptCode\addShape.jsx = ScriptCode\addShape.jsx
		ScriptCode\aeclip.exe = ScriptCode\aeclip.exe
		ScriptCode\bryScriptLib.jsxinc = ScriptCode\bryScriptLib.jsxinc
		ScriptCode\json2.jsxinc = ScriptCode\json2.jsxinc
		ScriptCode\ShapeAssist.jsx = ScriptCode\ShapeAssist.jsx
		ScriptCode\shapeExpression.jsx = ScriptCode\shapeExpression.jsx
		ScriptCode\ShapeLib_cc2020.aep = ScriptCode\ShapeLib_cc2020.aep
		ScriptCode\Shape保存.jsx = ScriptCode\Shape保存.jsx
		ScriptCode\エクスプレッション基本セット.jsx = ScriptCode\エクスプレッション基本セット.jsx
		ScriptCode\シェイプアイコン.aep = ScriptCode\シェイプアイコン.aep
		ScriptCode\シェイプアイコン_cc2020.aep = ScriptCode\シェイプアイコン_cc2020.aep
		ScriptCode\スクリプト作成アシスタント.jsx = ScriptCode\スクリプト作成アシスタント.jsx
	EndProjectSection
EndProject
Global
	GlobalSection(SolutionConfigurationPlatforms) = preSolution
		Debug|Any CPU = Debug|Any CPU
		Release|Any CPU = Release|Any CPU
	EndGlobalSection
	GlobalSection(ProjectConfigurationPlatforms) = postSolution
		{7DC50DB8-0AD4-4DD2-8190-607CA6C98FC1}.Debug|Any CPU.ActiveCfg = Debug|Any CPU
		{7DC50DB8-0AD4-4DD2-8190-607CA6C98FC1}.Debug|Any CPU.Build.0 = Debug|Any CPU
		{7DC50DB8-0AD4-4DD2-8190-607CA6C98FC1}.Release|Any CPU.ActiveCfg = Release|Any CPU
		{7DC50DB8-0AD4-4DD2-8190-607CA6C98FC1}.Release|Any CPU.Build.0 = Release|Any CPU
	EndGlobalSection
	GlobalSection(SolutionProperties) = preSolution
		HideSolutionNode = FALSE
	EndGlobalSection
	GlobalSection(ExtensibilityGlobals) = postSolution
		SolutionGuid = {85F0231A-0DDA-4ED6-898F-D203BD774617}
	EndGlobalSection
EndGlobal
