
Microsoft Visual Studio Solution File, Format Version 12.00
# Visual Studio 15
VisualStudioVersion = 15.0.28307.1062
MinimumVisualStudioVersion = 10.0.40219.1
Project("{FAE04EC0-301F-11D3-BF4B-00C04F79EFBC}") = "AE_Scripts", "AE_Scripts\AE_Scripts.csproj", "{00E56DBB-EBA8-40FF-8393-C5CCD523EDF0}"
EndProject
Global
	GlobalSection(SolutionConfigurationPlatforms) = preSolution
		Debug|Any CPU = Debug|Any CPU
		Release|Any CPU = Release|Any CPU
	EndGlobalSection
	GlobalSection(ProjectConfigurationPlatforms) = postSolution
		{00E56DBB-EBA8-40FF-8393-C5CCD523EDF0}.Debug|Any CPU.ActiveCfg = Debug|Any CPU
		{00E56DBB-EBA8-40FF-8393-C5CCD523EDF0}.Debug|Any CPU.Build.0 = Debug|Any CPU
		{00E56DBB-EBA8-40FF-8393-C5CCD523EDF0}.Release|Any CPU.ActiveCfg = Release|Any CPU
		{00E56DBB-EBA8-40FF-8393-C5CCD523EDF0}.Release|Any CPU.Build.0 = Release|Any CPU
	EndGlobalSection
	GlobalSection(SolutionProperties) = preSolution
		HideSolutionNode = FALSE
	EndGlobalSection
	GlobalSection(ExtensibilityGlobals) = postSolution
		SolutionGuid = {85F0231A-0DDA-4ED6-898F-D203BD774617}
	EndGlobalSection
EndGlobal
