
Microsoft Visual Studio Solution File, Format Version 12.00
# Visual Studio Version 16
VisualStudioVersion = 16.0.30503.244
MinimumVisualStudioVersion = 10.0.40219.1
Project("{FAE04EC0-301F-11D3-BF4B-00C04F79EFBC}") = "aeclip", "aeclip\aeclip.csproj", "{7DC50DB8-0AD4-4DD2-8190-607CA6C98FC1}"
EndProject
Project("{2150E333-8FDC-42A3-9474-1A3956D46DE8}") = "ScriptCode", "ScriptCode", "{C6D378C4-DBA8-4CC8-BDFA-12B4BEF5645D}"
	ProjectSection(SolutionItems) = preProject
		ScriptCode\.gitkeep = ScriptCode\.gitkeep
		ScriptCode\addShape\addShape.jsx = ScriptCode\addShape\addShape.jsx
		ScriptCode\aeclip.exe = ScriptCode\aeclip.exe
		ScriptCode\bryScriptLib.jsxinc = ScriptCode\bryScriptLib.jsxinc
		ScriptCode\bryShapeLib.jsxinc = ScriptCode\bryShapeLib.jsxinc
		ScriptCode\Calc\Calc.jsx = ScriptCode\Calc\Calc.jsx
		ScriptCode\json2.jsxinc = ScriptCode\json2.jsxinc
		ScriptCode\ShapeAssist\ShapeAssist.jsx = ScriptCode\ShapeAssist\ShapeAssist.jsx
		ScriptCode\shapeExpression.jsx = ScriptCode\shapeExpression.jsx
		ScriptCode\ShapeLib_cc2020.aep = ScriptCode\ShapeLib_cc2020.aep
		ScriptCode\Shape保存\Shape保存.jsx = ScriptCode\Shape保存\Shape保存.jsx
		ScriptCode\Shape保存\Shape保存2.jsx = ScriptCode\Shape保存\Shape保存2.jsx
		ScriptCode\エクスプレッション基本セット.jsx = ScriptCode\エクスプレッション基本セット.jsx
		ScriptCode\シェイプアイコン.aep = ScriptCode\シェイプアイコン.aep
		ScriptCode\シェイプアイコン_cc2020.aep = ScriptCode\シェイプアイコン_cc2020.aep
		ScriptCode\スクリプト作成アシスタント.jsx = ScriptCode\スクリプト作成アシスタント.jsx
	EndProjectSection
EndProject
Project("{FAE04EC0-301F-11D3-BF4B-00C04F79EFBC}") = "dlg_shapeExpression", "dlg_shapeExpression\dlg_shapeExpression.csproj", "{C6B1B46D-95E0-48F9-9668-422ACAFA1E97}"
EndProject
Global
	GlobalSection(SolutionConfigurationPlatforms) = preSolution
		Debug|Any CPU = Debug|Any CPU
		Debug|x64 = Debug|x64
		Debug|x86 = Debug|x86
		Release|Any CPU = Release|Any CPU
		Release|x64 = Release|x64
		Release|x86 = Release|x86
	EndGlobalSection
	GlobalSection(ProjectConfigurationPlatforms) = postSolution
		{7DC50DB8-0AD4-4DD2-8190-607CA6C98FC1}.Debug|Any CPU.ActiveCfg = Debug|Any CPU
		{7DC50DB8-0AD4-4DD2-8190-607CA6C98FC1}.Debug|Any CPU.Build.0 = Debug|Any CPU
		{7DC50DB8-0AD4-4DD2-8190-607CA6C98FC1}.Debug|x64.ActiveCfg = Debug|x64
		{7DC50DB8-0AD4-4DD2-8190-607CA6C98FC1}.Debug|x64.Build.0 = Debug|x64
		{7DC50DB8-0AD4-4DD2-8190-607CA6C98FC1}.Debug|x86.ActiveCfg = Debug|x86
		{7DC50DB8-0AD4-4DD2-8190-607CA6C98FC1}.Debug|x86.Build.0 = Debug|x86
		{7DC50DB8-0AD4-4DD2-8190-607CA6C98FC1}.Release|Any CPU.ActiveCfg = Release|Any CPU
		{7DC50DB8-0AD4-4DD2-8190-607CA6C98FC1}.Release|Any CPU.Build.0 = Release|Any CPU
		{7DC50DB8-0AD4-4DD2-8190-607CA6C98FC1}.Release|x64.ActiveCfg = Release|x64
		{7DC50DB8-0AD4-4DD2-8190-607CA6C98FC1}.Release|x64.Build.0 = Release|x64
		{7DC50DB8-0AD4-4DD2-8190-607CA6C98FC1}.Release|x86.ActiveCfg = Release|x86
		{7DC50DB8-0AD4-4DD2-8190-607CA6C98FC1}.Release|x86.Build.0 = Release|x86
		{C6B1B46D-95E0-48F9-9668-422ACAFA1E97}.Debug|Any CPU.ActiveCfg = Debug|Any CPU
		{C6B1B46D-95E0-48F9-9668-422ACAFA1E97}.Debug|Any CPU.Build.0 = Debug|Any CPU
		{C6B1B46D-95E0-48F9-9668-422ACAFA1E97}.Debug|x64.ActiveCfg = Debug|Any CPU
		{C6B1B46D-95E0-48F9-9668-422ACAFA1E97}.Debug|x64.Build.0 = Debug|Any CPU
		{C6B1B46D-95E0-48F9-9668-422ACAFA1E97}.Debug|x86.ActiveCfg = Debug|Any CPU
		{C6B1B46D-95E0-48F9-9668-422ACAFA1E97}.Debug|x86.Build.0 = Debug|Any CPU
		{C6B1B46D-95E0-48F9-9668-422ACAFA1E97}.Release|Any CPU.ActiveCfg = Release|Any CPU
		{C6B1B46D-95E0-48F9-9668-422ACAFA1E97}.Release|Any CPU.Build.0 = Release|Any CPU
		{C6B1B46D-95E0-48F9-9668-422ACAFA1E97}.Release|x64.ActiveCfg = Release|Any CPU
		{C6B1B46D-95E0-48F9-9668-422ACAFA1E97}.Release|x64.Build.0 = Release|Any CPU
		{C6B1B46D-95E0-48F9-9668-422ACAFA1E97}.Release|x86.ActiveCfg = Release|Any CPU
		{C6B1B46D-95E0-48F9-9668-422ACAFA1E97}.Release|x86.Build.0 = Release|Any CPU
	EndGlobalSection
	GlobalSection(SolutionProperties) = preSolution
		HideSolutionNode = FALSE
	EndGlobalSection
	GlobalSection(ExtensibilityGlobals) = postSolution
		SolutionGuid = {85F0231A-0DDA-4ED6-898F-D203BD774617}
	EndGlobalSection
EndGlobal
